{
  "name": "Astar",
  "version": "1.0.0",
  "lockfileVersion": 1,
  "requires": true,
  "dependencies": {
    "p5": {
      "version": "0.3.1",
      "resolved": "https://registry.npmjs.org/p5/-/p5-0.3.1.tgz",
      "integrity": "sha1-yk8Jgyyu5QjtHRdLP8mto7bxNRM=",
      "requires": {
        "reqwest": "~0.9.6"
      }
    },
    "reqwest": {
      "version": "0.9.7",
      "resolved": "https://registry.npmjs.org/reqwest/-/reqwest-0.9.7.tgz",
      "integrity": "sha1-EaLelwTcjVLJZ1Jl1xdxA/6/OmM="
    }
  }
}
